// !$*UTF8*$!
{
	archiveVersion = 1;
	classes = {
	};
	objectVersion = 46;
	objects = {

/* Begin PBXBuildFile section */
		5B3677621D6B758D00930382 /* hiphopkick.caf in Resources */ = {isa = PBXBuildFile; fileRef = 5B3677611D6B758D00930382 /* hiphopkick.caf */; };
		5B3677641D6B75F700930382 /* hiphopsnare.caf in Resources */ = {isa = PBXBuildFile; fileRef = 5B3677631D6B75F700930382 /* hiphopsnare.caf */; };
		5B3677661D6B760300930382 /* hiphophat.caf in Resources */ = {isa = PBXBuildFile; fileRef = 5B3677651D6B760300930382 /* hiphophat.caf */; };
		5B36776C1D6B782100930382 /* hiphopkick.aiff in Resources */ = {isa = PBXBuildFile; fileRef = 5B36776B1D6B782100930382 /* hiphopkick.aiff */; };
		5BA3B9231D495A58006D4B9B /* AppDelegate.swift in Sources */ = {isa = PBXBuildFile; fileRef = 5BA3B9221D495A58006D4B9B /* AppDelegate.swift */; };
		5BA3B9251D495A58006D4B9B /* ViewController.swift in Sources */ = {isa = PBXBuildFile; fileRef = 5BA3B9241D495A58006D4B9B /* ViewController.swift */; };
		5BA3B9281D495A58006D4B9B /* Main.storyboard in Resources */ = {isa = PBXBuildFile; fileRef = 5BA3B9261D495A58006D4B9B /* Main.storyboard */; };
		5BA3B92A1D495A58006D4B9B /* icon.png in Resources */ = {isa = PBXBuildFile; fileRef = 5BA3B9291D495A58006D4B9B /* icon.png */; };
		5BA3B92D1D495A58006D4B9B /* LaunchScreen.storyboard in Resources */ = {isa = PBXBuildFile; fileRef = 5BA3B92B1D495A58006D4B9B /* LaunchScreen.storyboard */; };
		5BA3B9381D495A58006D4B9B /* clouddrums_iOSTests.swift in Sources */ = {isa = PBXBuildFile; fileRef = 5BA3B9371D495A58006D4B9B /* clouddrums_iOSTests.swift */; };
		5BA3B9431D495A58006D4B9B /* clouddrums_iOSUITests.swift in Sources */ = {isa = PBXBuildFile; fileRef = 5BA3B9421D495A58006D4B9B /* clouddrums_iOSUITests.swift */; };
		5BA3B9521D495D2E006D4B9B /* back.png in Resources */ = {isa = PBXBuildFile; fileRef = 5BA3B9501D495D2E006D4B9B /* back.png */; };
		5BA3B9551D495D8D006D4B9B /* title.png in Resources */ = {isa = PBXBuildFile; fileRef = 5BA3B9541D495D8D006D4B9B /* title.png */; };
		5BA59F291D5126F2006E9EB0 /* bongohigh.mp3 in Resources */ = {isa = PBXBuildFile; fileRef = 5BA59F1F1D5126F2006E9EB0 /* bongohigh.mp3 */; };
		5BA59F2A1D5126F2006E9EB0 /* bongolow.mp3 in Resources */ = {isa = PBXBuildFile; fileRef = 5BA59F201D5126F2006E9EB0 /* bongolow.mp3 */; };
		5BA59F2B1D5126F2006E9EB0 /* bongomid.mp3 in Resources */ = {isa = PBXBuildFile; fileRef = 5BA59F211D5126F2006E9EB0 /* bongomid.mp3 */; };
		5BA59F2C1D5126F2006E9EB0 /* hiphophat.mp3 in Resources */ = {isa = PBXBuildFile; fileRef = 5BA59F221D5126F2006E9EB0 /* hiphophat.mp3 */; };
		5BA59F2D1D5126F2006E9EB0 /* hiphopkick.mp3 in Resources */ = {isa = PBXBuildFile; fileRef = 5BA59F231D5126F2006E9EB0 /* hiphopkick.mp3 */; };
		5BA59F2E1D5126F2006E9EB0 /* hiphopsnare.mp3 in Resources */ = {isa = PBXBuildFile; fileRef = 5BA59F241D5126F2006E9EB0 /* hiphopsnare.mp3 */; };
		5BA59F2F1D5126F2006E9EB0 /* rockhat.mp3 in Resources */ = {isa = PBXBuildFile; fileRef = 5BA59F251D5126F2006E9EB0 /* rockhat.mp3 */; };
		5BA59F301D5126F2006E9EB0 /* rockkick.mp3 in Resources */ = {isa = PBXBuildFile; fileRef = 5BA59F261D5126F2006E9EB0 /* rockkick.mp3 */; };
		5BA59F311D5126F2006E9EB0 /* rockride.mp3 in Resources */ = {isa = PBXBuildFile; fileRef = 5BA59F271D5126F2006E9EB0 /* rockride.mp3 */; };
		5BA59F321D5126F2006E9EB0 /* rocksnare.mp3 in Resources */ = {isa = PBXBuildFile; fileRef = 5BA59F281D5126F2006E9EB0 /* rocksnare.mp3 */; };
		5BBEBA171D66A25F00B51E3F /* icon.png in Resources */ = {isa = PBXBuildFile; fileRef = 5BBEBA161D66A25F00B51E3F /* icon.png */; };
		5BBEBA191D66A52E00B51E3F /* icon.png in Resources */ = {isa = PBXBuildFile; fileRef = 5BBEBA181D66A52E00B51E3F /* icon.png */; };
		5BBEBA1B1D66A68B00B51E3F /* Images-3.xcassets in Resources */ = {isa = PBXBuildFile; fileRef = 5BBEBA1A1D66A68B00B51E3F /* Images-3.xcassets */; };
		5BBEBA1F1D66A7EE00B51E3F /* icon.png in Resources */ = {isa = PBXBuildFile; fileRef = 5BBEBA1E1D66A7EE00B51E3F /* icon.png */; };
		5BBEBA211D66A90E00B51E3F /* icon 2.png in Resources */ = {isa = PBXBuildFile; fileRef = 5BBEBA201D66A90E00B51E3F /* icon 2.png */; };
/* End PBXBuildFile section */

/* Begin PBXContainerItemProxy section */
		5BA3B9341D495A58006D4B9B /* PBXContainerItemProxy */ = {
			isa = PBXContainerItemProxy;
			containerPortal = 5BA3B9171D495A58006D4B9B /* Project object */;
			proxyType = 1;
			remoteGlobalIDString = 5BA3B91E1D495A58006D4B9B;
			remoteInfo = "clouddrums iOS";
		};
		5BA3B93F1D495A58006D4B9B /* PBXContainerItemProxy */ = {
			isa = PBXContainerItemProxy;
			containerPortal = 5BA3B9171D495A58006D4B9B /* Project object */;
			proxyType = 1;
			remoteGlobalIDString = 5BA3B91E1D495A58006D4B9B;
			remoteInfo = "clouddrums iOS";
		};
/* End PBXContainerItemProxy section */

/* Begin PBXFileReference section */
		5B3677611D6B758D00930382 /* hiphopkick.caf */ = {isa = PBXFileReference; lastKnownFileType = file; name = hiphopkick.caf; path = "clouddrums iOS/hiphopkick.caf"; sourceTree = "<group>"; };
		5B3677631D6B75F700930382 /* hiphopsnare.caf */ = {isa = PBXFileReference; lastKnownFileType = file; name = hiphopsnare.caf; path = "clouddrums iOS/hiphopsnare.caf"; sourceTree = "<group>"; };
		5B3677651D6B760300930382 /* hiphophat.caf */ = {isa = PBXFileReference; lastKnownFileType = file; name = hiphophat.caf; path = "clouddrums iOS/hiphophat.caf"; sourceTree = "<group>"; };
		5B36776B1D6B782100930382 /* hiphopkick.aiff */ = {isa = PBXFileReference; lastKnownFileType = audio.aiff; name = hiphopkick.aiff; path = "clouddrums iOS/hiphopkick.aiff"; sourceTree = "<group>"; };
		5BA3B91F1D495A58006D4B9B /* clouddrums iOS.app */ = {isa = PBXFileReference; explicitFileType = wrapper.application; includeInIndex = 0; path = "clouddrums iOS.app"; sourceTree = BUILT_PRODUCTS_DIR; };
		5BA3B9221D495A58006D4B9B /* AppDelegate.swift */ = {isa = PBXFileReference; lastKnownFileType = sourcecode.swift; path = AppDelegate.swift; sourceTree = "<group>"; };
		5BA3B9241D495A58006D4B9B /* ViewController.swift */ = {isa = PBXFileReference; lastKnownFileType = sourcecode.swift; path = ViewController.swift; sourceTree = "<group>"; };
		5BA3B9271D495A58006D4B9B /* Base */ = {isa = PBXFileReference; lastKnownFileType = file.storyboard; name = Base; path = Base.lproj/Main.storyboard; sourceTree = "<group>"; };
		5BA3B9291D495A58006D4B9B /* icon.png */ = {isa = PBXFileReference; lastKnownFileType = image.png; path = icon.png; sourceTree = "<group>"; };
		5BA3B92C1D495A58006D4B9B /* Base */ = {isa = PBXFileReference; lastKnownFileType = file.storyboard; name = Base; path = Base.lproj/LaunchScreen.storyboard; sourceTree = "<group>"; };
		5BA3B92E1D495A58006D4B9B /* Info.plist */ = {isa = PBXFileReference; lastKnownFileType = text.plist.xml; path = Info.plist; sourceTree = "<group>"; };
		5BA3B9331D495A58006D4B9B /* clouddrums iOSTests.xctest */ = {isa = PBXFileReference; explicitFileType = wrapper.cfbundle; includeInIndex = 0; path = "clouddrums iOSTests.xctest"; sourceTree = BUILT_PRODUCTS_DIR; };
		5BA3B9371D495A58006D4B9B /* clouddrums_iOSTests.swift */ = {isa = PBXFileReference; lastKnownFileType = sourcecode.swift; path = clouddrums_iOSTests.swift; sourceTree = "<group>"; };
		5BA3B9391D495A58006D4B9B /* Info.plist */ = {isa = PBXFileReference; lastKnownFileType = text.plist.xml; path = Info.plist; sourceTree = "<group>"; };
		5BA3B93E1D495A58006D4B9B /* clouddrums iOSUITests.xctest */ = {isa = PBXFileReference; explicitFileType = wrapper.cfbundle; includeInIndex = 0; path = "clouddrums iOSUITests.xctest"; sourceTree = BUILT_PRODUCTS_DIR; };
		5BA3B9421D495A58006D4B9B /* clouddrums_iOSUITests.swift */ = {isa = PBXFileReference; lastKnownFileType = sourcecode.swift; path = clouddrums_iOSUITests.swift; sourceTree = "<group>"; };
		5BA3B9441D495A58006D4B9B /* Info.plist */ = {isa = PBXFileReference; lastKnownFileType = text.plist.xml; path = Info.plist; sourceTree = "<group>"; };
		5BA3B9501D495D2E006D4B9B /* back.png */ = {isa = PBXFileReference; lastKnownFileType = image.png; path = back.png; sourceTree = "<group>"; };
		5BA3B9541D495D8D006D4B9B /* title.png */ = {isa = PBXFileReference; lastKnownFileType = image.png; name = title.png; path = "clouddrums iOS/title.png"; sourceTree = "<group>"; };
		5BA59F1F1D5126F2006E9EB0 /* bongohigh.mp3 */ = {isa = PBXFileReference; lastKnownFileType = audio.mp3; name = bongohigh.mp3; path = "clouddrums iOS/bongohigh.mp3"; sourceTree = "<group>"; };
		5BA59F201D5126F2006E9EB0 /* bongolow.mp3 */ = {isa = PBXFileReference; lastKnownFileType = audio.mp3; name = bongolow.mp3; path = "clouddrums iOS/bongolow.mp3"; sourceTree = "<group>"; };
		5BA59F211D5126F2006E9EB0 /* bongomid.mp3 */ = {isa = PBXFileReference; lastKnownFileType = audio.mp3; name = bongomid.mp3; path = "clouddrums iOS/bongomid.mp3"; sourceTree = "<group>"; };
		5BA59F221D5126F2006E9EB0 /* hiphophat.mp3 */ = {isa = PBXFileReference; lastKnownFileType = audio.mp3; name = hiphophat.mp3; path = "clouddrums iOS/hiphophat.mp3"; sourceTree = "<group>"; };
		5BA59F231D5126F2006E9EB0 /* hiphopkick.mp3 */ = {isa = PBXFileReference; lastKnownFileType = audio.mp3; name = hiphopkick.mp3; path = "clouddrums iOS/hiphopkick.mp3"; sourceTree = "<group>"; };
		5BA59F241D5126F2006E9EB0 /* hiphopsnare.mp3 */ = {isa = PBXFileReference; lastKnownFileType = audio.mp3; name = hiphopsnare.mp3; path = "clouddrums iOS/hiphopsnare.mp3"; sourceTree = "<group>"; };
		5BA59F251D5126F2006E9EB0 /* rockhat.mp3 */ = {isa = PBXFileReference; lastKnownFileType = audio.mp3; name = rockhat.mp3; path = "clouddrums iOS/rockhat.mp3"; sourceTree = "<group>"; };
		5BA59F261D5126F2006E9EB0 /* rockkick.mp3 */ = {isa = PBXFileReference; lastKnownFileType = audio.mp3; name = rockkick.mp3; path = "clouddrums iOS/rockkick.mp3"; sourceTree = "<group>"; };
		5BA59F271D5126F2006E9EB0 /* rockride.mp3 */ = {isa = PBXFileReference; lastKnownFileType = audio.mp3; name = rockride.mp3; path = "clouddrums iOS/rockride.mp3"; sourceTree = "<group>"; };
		5BA59F281D5126F2006E9EB0 /* rocksnare.mp3 */ = {isa = PBXFileReference; lastKnownFileType = audio.mp3; name = rocksnare.mp3; path = "clouddrums iOS/rocksnare.mp3"; sourceTree = "<group>"; };
		5BBEBA161D66A25F00B51E3F /* icon.png */ = {isa = PBXFileReference; lastKnownFileType = image.png; path = icon.png; sourceTree = "<group>"; };
		5BBEBA181D66A52E00B51E3F /* icon.png */ = {isa = PBXFileReference; lastKnownFileType = image.png; path = icon.png; sourceTree = "<group>"; };
		5BBEBA1A1D66A68B00B51E3F /* Images-3.xcassets */ = {isa = PBXFileReference; lastKnownFileType = folder.assetcatalog; path = "Images-3.xcassets"; sourceTree = "<group>"; };
		5BBEBA1E1D66A7EE00B51E3F /* icon.png */ = {isa = PBXFileReference; lastKnownFileType = image.png; name = icon.png; path = "clouddrums iOS/icon.png"; sourceTree = "<group>"; };
		5BBEBA201D66A90E00B51E3F /* icon 2.png */ = {isa = PBXFileReference; lastKnownFileType = image.png; name = "icon 2.png"; path = "clouddrums iOS/icon 2.png"; sourceTree = "<group>"; };
/* End PBXFileReference section */

/* Begin PBXFrameworksBuildPhase section */
		5BA3B91C1D495A58006D4B9B /* Frameworks */ = {
			isa = PBXFrameworksBuildPhase;
			buildActionMask = 2147483647;
			files = (
			);
			runOnlyForDeploymentPostprocessing = 0;
		};
		5BA3B9301D495A58006D4B9B /* Frameworks */ = {
			isa = PBXFrameworksBuildPhase;
			buildActionMask = 2147483647;
			files = (
			);
			runOnlyForDeploymentPostprocessing = 0;
		};
		5BA3B93B1D495A58006D4B9B /* Frameworks */ = {
			isa = PBXFrameworksBuildPhase;
			buildActionMask = 2147483647;
			files = (
			);
			runOnlyForDeploymentPostprocessing = 0;
		};
/* End PBXFrameworksBuildPhase section */

/* Begin PBXGroup section */
		5BA3B9161D495A58006D4B9B = {
			isa = PBXGroup;
			children = (
				5BA3B9211D495A58006D4B9B /* clouddrums iOS */,
				5BA3B9361D495A58006D4B9B /* clouddrums iOSTests */,
				5BA3B9411D495A58006D4B9B /* clouddrums iOSUITests */,
				5BA3B9201D495A58006D4B9B /* Products */,
				5BA3B9501D495D2E006D4B9B /* back.png */,
				5BA3B9541D495D8D006D4B9B /* title.png */,
				5BBEBA1E1D66A7EE00B51E3F /* icon.png */,
				5BBEBA201D66A90E00B51E3F /* icon 2.png */,
				5B36776B1D6B782100930382 /* hiphopkick.aiff */,
				5B3677611D6B758D00930382 /* hiphopkick.caf */,
				5B3677631D6B75F700930382 /* hiphopsnare.caf */,
				5B3677651D6B760300930382 /* hiphophat.caf */,
				5BA59F1F1D5126F2006E9EB0 /* bongohigh.mp3 */,
				5BA59F201D5126F2006E9EB0 /* bongolow.mp3 */,
				5BA59F211D5126F2006E9EB0 /* bongomid.mp3 */,
				5BA59F221D5126F2006E9EB0 /* hiphophat.mp3 */,
				5BA59F231D5126F2006E9EB0 /* hiphopkick.mp3 */,
				5BA59F241D5126F2006E9EB0 /* hiphopsnare.mp3 */,
				5BA59F251D5126F2006E9EB0 /* rockhat.mp3 */,
				5BA59F261D5126F2006E9EB0 /* rockkick.mp3 */,
				5BA59F271D5126F2006E9EB0 /* rockride.mp3 */,
				5BA59F281D5126F2006E9EB0 /* rocksnare.mp3 */,
			);
			sourceTree = "<group>";
		};
		5BA3B9201D495A58006D4B9B /* Products */ = {
			isa = PBXGroup;
			children = (
				5BA3B91F1D495A58006D4B9B /* clouddrums iOS.app */,
				5BA3B9331D495A58006D4B9B /* clouddrums iOSTests.xctest */,
				5BA3B93E1D495A58006D4B9B /* clouddrums iOSUITests.xctest */,
			);
			name = Products;
			sourceTree = "<group>";
		};
		5BA3B9211D495A58006D4B9B /* clouddrums iOS */ = {
			isa = PBXGroup;
			children = (
				5BA3B9221D495A58006D4B9B /* AppDelegate.swift */,
				5BA3B9241D495A58006D4B9B /* ViewController.swift */,
				5BA3B9261D495A58006D4B9B /* Main.storyboard */,
				5BA3B9291D495A58006D4B9B /* icon.png */,
				5BA3B92B1D495A58006D4B9B /* LaunchScreen.storyboard */,
				5BA3B92E1D495A58006D4B9B /* Info.plist */,
				5BBEBA161D66A25F00B51E3F /* icon.png */,
				5BBEBA181D66A52E00B51E3F /* icon.png */,
				5BBEBA1A1D66A68B00B51E3F /* Images-3.xcassets */,
			);
			path = "clouddrums iOS";
			sourceTree = "<group>";
		};
		5BA3B9361D495A58006D4B9B /* clouddrums iOSTests */ = {
			isa = PBXGroup;
			children = (
				5BA3B9371D495A58006D4B9B /* clouddrums_iOSTests.swift */,
				5BA3B9391D495A58006D4B9B /* Info.plist */,
			);
			path = "clouddrums iOSTests";
			sourceTree = "<group>";
		};
		5BA3B9411D495A58006D4B9B /* clouddrums iOSUITests */ = {
			isa = PBXGroup;
			children = (
				5BA3B9421D495A58006D4B9B /* clouddrums_iOSUITests.swift */,
				5BA3B9441D495A58006D4B9B /* Info.plist */,
			);
			path = "clouddrums iOSUITests";
			sourceTree = "<group>";
		};
/* End PBXGroup section */

/* Begin PBXNativeTarget section */
		5BA3B91E1D495A58006D4B9B /* clouddrums iOS */ = {
			isa = PBXNativeTarget;
			buildConfigurationList = 5BA3B9471D495A58006D4B9B /* Build configuration list for PBXNativeTarget "clouddrums iOS" */;
			buildPhases = (
				5BA3B91B1D495A58006D4B9B /* Sources */,
				5BA3B91C1D495A58006D4B9B /* Frameworks */,
				5BA3B91D1D495A58006D4B9B /* Resources */,
			);
			buildRules = (
			);
			dependencies = (
			);
			name = "clouddrums iOS";
			productName = "clouddrums iOS";
			productReference = 5BA3B91F1D495A58006D4B9B /* clouddrums iOS.app */;
			productType = "com.apple.product-type.application";
		};
		5BA3B9321D495A58006D4B9B /* clouddrums iOSTests */ = {
			isa = PBXNativeTarget;
			buildConfigurationList = 5BA3B94A1D495A58006D4B9B /* Build configuration list for PBXNativeTarget "clouddrums iOSTests" */;
			buildPhases = (
				5BA3B92F1D495A58006D4B9B /* Sources */,
				5BA3B9301D495A58006D4B9B /* Frameworks */,
				5BA3B9311D495A58006D4B9B /* Resources */,
			);
			buildRules = (
			);
			dependencies = (
				5BA3B9351D495A58006D4B9B /* PBXTargetDependency */,
			);
			name = "clouddrums iOSTests";
			productName = "clouddrums iOSTests";
			productReference = 5BA3B9331D495A58006D4B9B /* clouddrums iOSTests.xctest */;
			productType = "com.apple.product-type.bundle.unit-test";
		};
		5BA3B93D1D495A58006D4B9B /* clouddrums iOSUITests */ = {
			isa = PBXNativeTarget;
			buildConfigurationList = 5BA3B94D1D495A58006D4B9B /* Build configuration list for PBXNativeTarget "clouddrums iOSUITests" */;
			buildPhases = (
				5BA3B93A1D495A58006D4B9B /* Sources */,
				5BA3B93B1D495A58006D4B9B /* Frameworks */,
				5BA3B93C1D495A58006D4B9B /* Resources */,
			);
			buildRules = (
			);
			dependencies = (
				5BA3B9401D495A58006D4B9B /* PBXTargetDependency */,
			);
			name = "clouddrums iOSUITests";
			productName = "clouddrums iOSUITests";
			productReference = 5BA3B93E1D495A58006D4B9B /* clouddrums iOSUITests.xctest */;
			productType = "com.apple.product-type.bundle.ui-testing";
		};
/* End PBXNativeTarget section */

/* Begin PBXProject section */
		5BA3B9171D495A58006D4B9B /* Project object */ = {
			isa = PBXProject;
			attributes = {
				LastSwiftUpdateCheck = 0730;
				LastUpgradeCheck = 0730;
				ORGANIZATIONNAME = "Rishi Srivastava";
				TargetAttributes = {
					5BA3B91E1D495A58006D4B9B = {
						CreatedOnToolsVersion = 7.3.1;
						DevelopmentTeam = 8YB8EX6W97;
					};
					5BA3B9321D495A58006D4B9B = {
						CreatedOnToolsVersion = 7.3.1;
						TestTargetID = 5BA3B91E1D495A58006D4B9B;
					};
					5BA3B93D1D495A58006D4B9B = {
						CreatedOnToolsVersion = 7.3.1;
						TestTargetID = 5BA3B91E1D495A58006D4B9B;
					};
				};
			};
			buildConfigurationList = 5BA3B91A1D495A58006D4B9B /* Build configuration list for PBXProject "clouddrums iOS" */;
			compatibilityVersion = "Xcode 3.2";
			developmentRegion = English;
			hasScannedForEncodings = 0;
			knownRegions = (
				en,
				Base,
			);
			mainGroup = 5BA3B9161D495A58006D4B9B;
			productRefGroup = 5BA3B9201D495A58006D4B9B /* Products */;
			projectDirPath = "";
			projectRoot = "";
			targets = (
				5BA3B91E1D495A58006D4B9B /* clouddrums iOS */,
				5BA3B9321D495A58006D4B9B /* clouddrums iOSTests */,
				5BA3B93D1D495A58006D4B9B /* clouddrums iOSUITests */,
			);
		};
/* End PBXProject section */

/* Begin PBXResourcesBuildPhase section */
		5BA3B91D1D495A58006D4B9B /* Resources */ = {
			isa = PBXResourcesBuildPhase;
			buildActionMask = 2147483647;
			files = (
				5BBEBA191D66A52E00B51E3F /* icon.png in Resources */,
				5BA59F2C1D5126F2006E9EB0 /* hiphophat.mp3 in Resources */,
				5BA3B9521D495D2E006D4B9B /* back.png in Resources */,
				5BA59F2E1D5126F2006E9EB0 /* hiphopsnare.mp3 in Resources */,
				5BBEBA211D66A90E00B51E3F /* icon 2.png in Resources */,
				5B36776C1D6B782100930382 /* hiphopkick.aiff in Resources */,
				5BA59F321D5126F2006E9EB0 /* rocksnare.mp3 in Resources */,
				5BA59F301D5126F2006E9EB0 /* rockkick.mp3 in Resources */,
				5BA59F2A1D5126F2006E9EB0 /* bongolow.mp3 in Resources */,
				5BBEBA1B1D66A68B00B51E3F /* Images-3.xcassets in Resources */,
				5BA59F311D5126F2006E9EB0 /* rockride.mp3 in Resources */,
				5BA59F2F1D5126F2006E9EB0 /* rockhat.mp3 in Resources */,
				5BA59F2D1D5126F2006E9EB0 /* hiphopkick.mp3 in Resources */,
				5BA3B9551D495D8D006D4B9B /* title.png in Resources */,
				5B3677661D6B760300930382 /* hiphophat.caf in Resources */,
				5BBEBA171D66A25F00B51E3F /* icon.png in Resources */,
				5BA3B92D1D495A58006D4B9B /* LaunchScreen.storyboard in Resources */,
				5BA59F291D5126F2006E9EB0 /* bongohigh.mp3 in Resources */,
				5BBEBA1F1D66A7EE00B51E3F /* icon.png in Resources */,
				5B3677621D6B758D00930382 /* hiphopkick.caf in Resources */,
				5B3677641D6B75F700930382 /* hiphopsnare.caf in Resources */,
				5BA3B92A1D495A58006D4B9B /* icon.png in Resources */,
				5BA3B9281D495A58006D4B9B /* Main.storyboard in Resources */,
				5BA59F2B1D5126F2006E9EB0 /* bongomid.mp3 in Resources */,
			);
			runOnlyForDeploymentPostprocessing = 0;
		};
		5BA3B9311D495A58006D4B9B /* Resources */ = {
			isa = PBXResourcesBuildPhase;
			buildActionMask = 2147483647;
			files = (
			);
			runOnlyForDeploymentPostprocessing = 0;
		};
		5BA3B93C1D495A58006D4B9B /* Resources */ = {
			isa = PBXResourcesBuildPhase;
			buildActionMask = 2147483647;
			files = (
			);
			runOnlyForDeploymentPostprocessing = 0;
		};
/* End PBXResourcesBuildPhase section */

/* Begin PBXSourcesBuildPhase section */
		5BA3B91B1D495A58006D4B9B /* Sources */ = {
			isa = PBXSourcesBuildPhase;
			buildActionMask = 2147483647;
			files = (
				5BA3B9251D495A58006D4B9B /* ViewController.swift in Sources */,
				5BA3B9231D495A58006D4B9B /* AppDelegate.swift in Sources */,
			);
			runOnlyForDeploymentPostprocessing = 0;
		};
		5BA3B92F1D495A58006D4B9B /* Sources */ = {
			isa = PBXSourcesBuildPhase;
			buildActionMask = 2147483647;
			files = (
				5BA3B9381D495A58006D4B9B /* clouddrums_iOSTests.swift in Sources */,
			);
			runOnlyForDeploymentPostprocessing = 0;
		};
		5BA3B93A1D495A58006D4B9B /* Sources */ = {
			isa = PBXSourcesBuildPhase;
			buildActionMask = 2147483647;
			files = (
				5BA3B9431D495A58006D4B9B /* clouddrums_iOSUITests.swift in Sources */,
			);
			runOnlyForDeploymentPostprocessing = 0;
		};
/* End PBXSourcesBuildPhase section */

/* Begin PBXTargetDependency section */
		5BA3B9351D495A58006D4B9B /* PBXTargetDependency */ = {
			isa = PBXTargetDependency;
			target = 5BA3B91E1D495A58006D4B9B /* clouddrums iOS */;
			targetProxy = 5BA3B9341D495A58006D4B9B /* PBXContainerItemProxy */;
		};
		5BA3B9401D495A58006D4B9B /* PBXTargetDependency */ = {
			isa = PBXTargetDependency;
			target = 5BA3B91E1D495A58006D4B9B /* clouddrums iOS */;
			targetProxy = 5BA3B93F1D495A58006D4B9B /* PBXContainerItemProxy */;
		};
/* End PBXTargetDependency section */

/* Begin PBXVariantGroup section */
		5BA3B9261D495A58006D4B9B /* Main.storyboard */ = {
			isa = PBXVariantGroup;
			children = (
				5BA3B9271D495A58006D4B9B /* Base */,
			);
			name = Main.storyboard;
			sourceTree = "<group>";
		};
		5BA3B92B1D495A58006D4B9B /* LaunchScreen.storyboard */ = {
			isa = PBXVariantGroup;
			children = (
				5BA3B92C1D495A58006D4B9B /* Base */,
			);
			name = LaunchScreen.storyboard;
			sourceTree = "<group>";
		};
/* End PBXVariantGroup section */

/* Begin XCBuildConfiguration section */
		5BA3B9451D495A58006D4B9B /* Debug */ = {
			isa = XCBuildConfiguration;
			buildSettings = {
				ALWAYS_SEARCH_USER_PATHS = NO;
				CLANG_ANALYZER_NONNULL = YES;
				CLANG_CXX_LANGUAGE_STANDARD = "gnu++0x";
				CLANG_CXX_LIBRARY = "libc++";
				CLANG_ENABLE_MODULES = YES;
				CLANG_ENABLE_OBJC_ARC = YES;
				CLANG_WARN_BOOL_CONVERSION = YES;
				CLANG_WARN_CONSTANT_CONVERSION = YES;
				CLANG_WARN_DIRECT_OBJC_ISA_USAGE = YES_ERROR;
				CLANG_WARN_EMPTY_BODY = YES;
				CLANG_WARN_ENUM_CONVERSION = YES;
				CLANG_WARN_INT_CONVERSION = YES;
				CLANG_WARN_OBJC_ROOT_CLASS = YES_ERROR;
				CLANG_WARN_UNREACHABLE_CODE = YES;
				CLANG_WARN__DUPLICATE_METHOD_MATCH = YES;
				"CODE_SIGN_IDENTITY[sdk=iphoneos*]" = "iPhone Developer";
				COPY_PHASE_STRIP = NO;
				DEBUG_INFORMATION_FORMAT = dwarf;
				ENABLE_STRICT_OBJC_MSGSEND = YES;
				ENABLE_TESTABILITY = YES;
				GCC_C_LANGUAGE_STANDARD = gnu99;
				GCC_DYNAMIC_NO_PIC = NO;
				GCC_NO_COMMON_BLOCKS = YES;
				GCC_OPTIMIZATION_LEVEL = 0;
				GCC_PREPROCESSOR_DEFINITIONS = (
					"DEBUG=1",
					"$(inherited)",
				);
				GCC_WARN_64_TO_32_BIT_CONVERSION = YES;
				GCC_WARN_ABOUT_RETURN_TYPE = YES_ERROR;
				GCC_WARN_UNDECLARED_SELECTOR = YES;
				GCC_WARN_UNINITIALIZED_AUTOS = YES_AGGRESSIVE;
				GCC_WARN_UNUSED_FUNCTION = YES;
				GCC_WARN_UNUSED_VARIABLE = YES;
				IPHONEOS_DEPLOYMENT_TARGET = 9.3;
				MTL_ENABLE_DEBUG_INFO = YES;
				ONLY_ACTIVE_ARCH = YES;
				SDKROOT = iphoneos;
				SWIFT_OPTIMIZATION_LEVEL = "-Onone";
				TARGETED_DEVICE_FAMILY = "1,2";
			};
			name = Debug;
		};
		5BA3B9461D495A58006D4B9B /* Release */ = {
			isa = XCBuildConfiguration;
			buildSettings = {
				ALWAYS_SEARCH_USER_PATHS = NO;
				CLANG_ANALYZER_NONNULL = YES;
				CLANG_CXX_LANGUAGE_STANDARD = "gnu++0x";
				CLANG_CXX_LIBRARY = "libc++";
				CLANG_ENABLE_MODULES = YES;
				CLANG_ENABLE_OBJC_ARC = YES;
				CLANG_WARN_BOOL_CONVERSION = YES;
				CLANG_WARN_CONSTANT_CONVERSION = YES;
				CLANG_WARN_DIRECT_OBJC_ISA_USAGE = YES_ERROR;
				CLANG_WARN_EMPTY_BODY = YES;
				CLANG_WARN_ENUM_CONVERSION = YES;
				CLANG_WARN_INT_CONVERSION = YES;
				CLANG_WARN_OBJC_ROOT_CLASS = YES_ERROR;
				CLANG_WARN_UNREACHABLE_CODE = YES;
				CLANG_WARN__DUPLICATE_METHOD_MATCH = YES;
				"CODE_SIGN_IDENTITY[sdk=iphoneos*]" = "iPhone Developer";
				COPY_PHASE_STRIP = NO;
				DEBUG_INFORMATION_FORMAT = "dwarf-with-dsym";
				ENABLE_NS_ASSERTIONS = NO;
				ENABLE_STRICT_OBJC_MSGSEND = YES;
				GCC_C_LANGUAGE_STANDARD = gnu99;
				GCC_NO_COMMON_BLOCKS = YES;
				GCC_WARN_64_TO_32_BIT_CONVERSION = YES;
				GCC_WARN_ABOUT_RETURN_TYPE = YES_ERROR;
				GCC_WARN_UNDECLARED_SELECTOR = YES;
				GCC_WARN_UNINITIALIZED_AUTOS = YES_AGGRESSIVE;
				GCC_WARN_UNUSED_FUNCTION = YES;
				GCC_WARN_UNUSED_VARIABLE = YES;
				IPHONEOS_DEPLOYMENT_TARGET = 9.3;
				MTL_ENABLE_DEBUG_INFO = NO;
				SDKROOT = iphoneos;
				TARGETED_DEVICE_FAMILY = "1,2";
				VALIDATE_PRODUCT = YES;
			};
			name = Release;
		};
		5BA3B9481D495A58006D4B9B /* Debug */ = {
			isa = XCBuildConfiguration;
			buildSettings = {
				ASSETCATALOG_COMPILER_APPICON_NAME = AppIcon;
				ASSETCATALOG_COMPILER_LAUNCHIMAGE_NAME = "Brand Assets";
				CODE_SIGN_IDENTITY = "iPhone Developer";
				"CODE_SIGN_IDENTITY[sdk=iphoneos*]" = "iPhone Developer";
				INFOPLIST_FILE = "clouddrums iOS/Info.plist";
				IPHONEOS_DEPLOYMENT_TARGET = 8.2;
				LD_RUNPATH_SEARCH_PATHS = "$(inherited) @executable_path/Frameworks";
				PRODUCT_BUNDLE_IDENTIFIER = com.clouddrums.clouddrums2;
				PRODUCT_NAME = "$(TARGET_NAME)";
				PROVISIONING_PROFILE = "";
				TARGETED_DEVICE_FAMILY = 1;
			};
			name = Debug;
		};
		5BA3B9491D495A58006D4B9B /* Release */ = {
			isa = XCBuildConfiguration;
			buildSettings = {
				ASSETCATALOG_COMPILER_APPICON_NAME = AppIcon;
				ASSETCATALOG_COMPILER_LAUNCHIMAGE_NAME = "Brand Assets";
				CODE_SIGN_IDENTITY = "iPhone Developer";
				"CODE_SIGN_IDENTITY[sdk=iphoneos*]" = "iPhone Developer";
				INFOPLIST_FILE = "clouddrums iOS/Info.plist";
				IPHONEOS_DEPLOYMENT_TARGET = 8.2;
				LD_RUNPATH_SEARCH_PATHS = "$(inherited) @executable_path/Frameworks";
				PRODUCT_BUNDLE_IDENTIFIER = com.clouddrums.clouddrums2;
				PRODUCT_NAME = "$(TARGET_NAME)";
				PROVISIONING_PROFILE = "";
				TARGETED_DEVICE_FAMILY = 1;
			};
			name = Release;
		};
		5BA3B94B1D495A58006D4B9B /* Debug */ = {
			isa = XCBuildConfiguration;
			buildSettings = {
				BUNDLE_LOADER = "$(TEST_HOST)";
				INFOPLIST_FILE = "clouddrums iOSTests/Info.plist";
				LD_RUNPATH_SEARCH_PATHS = "$(inherited) @executable_path/Frameworks @loader_path/Frameworks";
				PRODUCT_BUNDLE_IDENTIFIER = "com.clouddrums.clouddrums-iOSTests";
				PRODUCT_NAME = "$(TARGET_NAME)";
				TEST_HOST = "$(BUILT_PRODUCTS_DIR)/clouddrums iOS.app/clouddrums iOS";
			};
			name = Debug;
		};
		5BA3B94C1D495A58006D4B9B /* Release */ = {
			isa = XCBuildConfiguration;
			buildSettings = {
				BUNDLE_LOADER = "$(TEST_HOST)";
				INFOPLIST_FILE = "clouddrums iOSTests/Info.plist";
				LD_RUNPATH_SEARCH_PATHS = "$(inherited) @executable_path/Frameworks @loader_path/Frameworks";
				PRODUCT_BUNDLE_IDENTIFIER = "com.clouddrums.clouddrums-iOSTests";
				PRODUCT_NAME = "$(TARGET_NAME)";
				TEST_HOST = "$(BUILT_PRODUCTS_DIR)/clouddrums iOS.app/clouddrums iOS";
			};
			name = Release;
		};
		5BA3B94E1D495A58006D4B9B /* Debug */ = {
			isa = XCBuildConfiguration;
			buildSettings = {
				INFOPLIST_FILE = "clouddrums iOSUITests/Info.plist";
				LD_RUNPATH_SEARCH_PATHS = "$(inherited) @executable_path/Frameworks @loader_path/Frameworks";
				PRODUCT_BUNDLE_IDENTIFIER = "com.clouddrums.clouddrums-iOSUITests";
				PRODUCT_NAME = "$(TARGET_NAME)";
				TEST_TARGET_NAME = "clouddrums iOS";
			};
			name = Debug;
		};
		5BA3B94F1D495A58006D4B9B /* Release */ = {
			isa = XCBuildConfiguration;
			buildSettings = {
				INFOPLIST_FILE = "clouddrums iOSUITests/Info.plist";
				LD_RUNPATH_SEARCH_PATHS = "$(inherited) @executable_path/Frameworks @loader_path/Frameworks";
				PRODUCT_BUNDLE_IDENTIFIER = "com.clouddrums.clouddrums-iOSUITests";
				PRODUCT_NAME = "$(TARGET_NAME)";
				TEST_TARGET_NAME = "clouddrums iOS";
			};
			name = Release;
		};
/* End XCBuildConfiguration section */

/* Begin XCConfigurationList section */
		5BA3B91A1D495A58006D4B9B /* Build configuration list for PBXProject "clouddrums iOS" */ = {
			isa = XCConfigurationList;
			buildConfigurations = (
				5BA3B9451D495A58006D4B9B /* Debug */,
				5BA3B9461D495A58006D4B9B /* Release */,
			);
			defaultConfigurationIsVisible = 0;
			defaultConfigurationName = Release;
		};
		5BA3B9471D495A58006D4B9B /* Build configuration list for PBXNativeTarget "clouddrums iOS" */ = {
			isa = XCConfigurationList;
			buildConfigurations = (
				5BA3B9481D495A58006D4B9B /* Debug */,
				5BA3B9491D495A58006D4B9B /* Release */,
			);
			defaultConfigurationIsVisible = 0;
			defaultConfigurationName = Release;
		};
		5BA3B94A1D495A58006D4B9B /* Build configuration list for PBXNativeTarget "clouddrums iOSTests" */ = {
			isa = XCConfigurationList;
			buildConfigurations = (
				5BA3B94B1D495A58006D4B9B /* Debug */,
				5BA3B94C1D495A58006D4B9B /* Release */,
			);
			defaultConfigurationIsVisible = 0;
			defaultConfigurationName = Release;
		};
		5BA3B94D1D495A58006D4B9B /* Build configuration list for PBXNativeTarget "clouddrums iOSUITests" */ = {
			isa = XCConfigurationList;
			buildConfigurations = (
				5BA3B94E1D495A58006D4B9B /* Debug */,
				5BA3B94F1D495A58006D4B9B /* Release */,
			);
			defaultConfigurationIsVisible = 0;
			defaultConfigurationName = Release;
		};
/* End XCConfigurationList section */
	};
	rootObject = 5BA3B9171D495A58006D4B9B /* Project object */;
}
